// !$*UTF8*$!
{
	archiveVersion = 1;
	classes = {
	};
	objectVersion = 48;
	objects = {

/* Begin PBXBuildFile section */
		FC185373209C374500917A4C /* AppDelegate.m in Sources */ = {isa = PBXBuildFile; fileRef = FC185372209C374500917A4C /* AppDelegate.m */; };
		FC185376209C374500917A4C /* ViewController.m in Sources */ = {isa = PBXBuildFile; fileRef = FC185375209C374500917A4C /* ViewController.m */; };
		FC185379209C374500917A4C /* Main.storyboard in Resources */ = {isa = PBXBuildFile; fileRef = FC185377209C374500917A4C /* Main.storyboard */; };
		FC18537B209C374500917A4C /* Assets.xcassets in Resources */ = {isa = PBXBuildFile; fileRef = FC18537A209C374500917A4C /* Assets.xcassets */; };
		FC18537E209C374500917A4C /* LaunchScreen.storyboard in Resources */ = {isa = PBXBuildFile; fileRef = FC18537C209C374500917A4C /* LaunchScreen.storyboard */; };
		FC185381209C374500917A4C /* main.m in Sources */ = {isa = PBXBuildFile; fileRef = FC185380209C374500917A4C /* main.m */; };
		FC18538B209C377100917A4C /* URLProtocolViewController.m in Sources */ = {isa = PBXBuildFile; fileRef = FC185388209C377100917A4C /* URLProtocolViewController.m */; };
		FC18538C209C377100917A4C /* ZZWebTextReplace.m in Sources */ = {isa = PBXBuildFile; fileRef = FC18538A209C377100917A4C /* ZZWebTextReplace.m */; };
/* End PBXBuildFile section */

/* Begin PBXFileReference section */
		FC18536E209C374500917A4C /* ZZWebTextReplace.app */ = {isa = PBXFileReference; explicitFileType = wrapper.application; includeInIndex = 0; path = ZZWebTextReplace.app; sourceTree = BUILT_PRODUCTS_DIR; };
		FC185371209C374500917A4C /* AppDelegate.h */ = {isa = PBXFileReference; lastKnownFileType = sourcecode.c.h; path = AppDelegate.h; sourceTree = "<group>"; };
		FC185372209C374500917A4C /* AppDelegate.m */ = {isa = PBXFileReference; lastKnownFileType = sourcecode.c.objc; path = AppDelegate.m; sourceTree = "<group>"; };
		FC185374209C374500917A4C /* ViewController.h */ = {isa = PBXFileReference; lastKnownFileType = sourcecode.c.h; path = ViewController.h; sourceTree = "<group>"; };
		FC185375209C374500917A4C /* ViewController.m */ = {isa = PBXFileReference; lastKnownFileType = sourcecode.c.objc; path = ViewController.m; sourceTree = "<group>"; };
		FC185378209C374500917A4C /* Base */ = {isa = PBXFileReference; lastKnownFileType = file.storyboard; name = Base; path = Base.lproj/Main.storyboard; sourceTree = "<group>"; };
		FC18537A209C374500917A4C /* Assets.xcassets */ = {isa = PBXFileReference; lastKnownFileType = folder.assetcatalog; path = Assets.xcassets; sourceTree = "<group>"; };
		FC18537D209C374500917A4C /* Base */ = {isa = PBXFileReference; lastKnownFileType = file.storyboard; name = Base; path = Base.lproj/LaunchScreen.storyboard; sourceTree = "<group>"; };
		FC18537F209C374500917A4C /* Info.plist */ = {isa = PBXFileReference; lastKnownFileType = text.plist.xml; path = Info.plist; sourceTree = "<group>"; };
		FC185380209C374500917A4C /* main.m */ = {isa = PBXFileReference; lastKnownFileType = sourcecode.c.objc; path = main.m; sourceTree = "<group>"; };
		FC185387209C377100917A4C /* URLProtocolViewController.h */ = {isa = PBXFileReference; fileEncoding = 4; lastKnownFileType = sourcecode.c.h; path = URLProtocolViewController.h; sourceTree = "<group>"; };
		FC185388209C377100917A4C /* URLProtocolViewController.m */ = {isa = PBXFileReference; fileEncoding = 4; lastKnownFileType = sourcecode.c.objc; path = URLProtocolViewController.m; sourceTree = "<group>"; };
		FC185389209C377100917A4C /* ZZWebTextReplace.h */ = {isa = PBXFileReference; fileEncoding = 4; lastKnownFileType = sourcecode.c.h; path = ZZWebTextReplace.h; sourceTree = "<group>"; };
		FC18538A209C377100917A4C /* ZZWebTextReplace.m */ = {isa = PBXFileReference; fileEncoding = 4; lastKnownFileType = sourcecode.c.objc; path = ZZWebTextReplace.m; sourceTree = "<group>"; };
/* End PBXFileReference section */

/* Begin PBXFrameworksBuildPhase section */
		FC18536B209C374500917A4C /* Frameworks */ = {
			isa = PBXFrameworksBuildPhase;
			buildActionMask = 2147483647;
			files = (
			);
			runOnlyForDeploymentPostprocessing = 0;
		};
/* End PBXFrameworksBuildPhase section */

/* Begin PBXGroup section */
		FC185365209C374500917A4C = {
			isa = PBXGroup;
			children = (
				FC185370209C374500917A4C /* ZZWebTextReplace */,
				FC18536F209C374500917A4C /* Products */,
			);
			sourceTree = "<group>";
		};
		FC18536F209C374500917A4C /* Products */ = {
			isa = PBXGroup;
			children = (
				FC18536E209C374500917A4C /* ZZWebTextReplace.app */,
			);
			name = Products;
			sourceTree = "<group>";
		};
		FC185370209C374500917A4C /* ZZWebTextReplace */ = {
			isa = PBXGroup;
			children = (
				FC185371209C374500917A4C /* AppDelegate.h */,
				FC185372209C374500917A4C /* AppDelegate.m */,
				FC185374209C374500917A4C /* ViewController.h */,
				FC185375209C374500917A4C /* ViewController.m */,
				FC185387209C377100917A4C /* URLProtocolViewController.h */,
				FC185388209C377100917A4C /* URLProtocolViewController.m */,
				FC185389209C377100917A4C /* ZZWebTextReplace.h */,
				FC18538A209C377100917A4C /* ZZWebTextReplace.m */,
				FC185377209C374500917A4C /* Main.storyboard */,
				FC18537A209C374500917A4C /* Assets.xcassets */,
				FC18537C209C374500917A4C /* LaunchScreen.storyboard */,
				FC18537F209C374500917A4C /* Info.plist */,
				FC185380209C374500917A4C /* main.m */,
			);
			path = ZZWebTextReplace;
			sourceTree = "<group>";
		};
/* End PBXGroup section */

/* Begin PBXNativeTarget section */
		FC18536D209C374500917A4C /* ZZWebTextReplace */ = {
			isa = PBXNativeTarget;
			buildConfigurationList = FC185384209C374500917A4C /* Build configuration list for PBXNativeTarget "ZZWebTextReplace" */;
			buildPhases = (
				FC18536A209C374500917A4C /* Sources */,
				FC18536B209C374500917A4C /* Frameworks */,
				FC18536C209C374500917A4C /* Resources */,
			);
			buildRules = (
			);
			dependencies = (
			);
			name = ZZWebTextReplace;
			productName = ZZWebTextReplace;
			productReference = FC18536E209C374500917A4C /* ZZWebTextReplace.app */;
			productType = "com.apple.product-type.application";
		};
/* End PBXNativeTarget section */

/* Begin PBXProject section */
		FC185366209C374500917A4C /* Project object */ = {
			isa = PBXProject;
			attributes = {
				LastUpgradeCheck = 0920;
				ORGANIZATIONNAME = "多米智投";
				TargetAttributes = {
					FC18536D209C374500917A4C = {
						CreatedOnToolsVersion = 9.2;
						ProvisioningStyle = Automatic;
					};
				};
			};
			buildConfigurationList = FC185369209C374500917A4C /* Build configuration list for PBXProject "ZZWebTextReplace" */;
			compatibilityVersion = "Xcode 8.0";
			developmentRegion = en;
			hasScannedForEncodings = 0;
			knownRegions = (
				en,
				Base,
			);
			mainGroup = FC185365209C374500917A4C;
			productRefGroup = FC18536F209C374500917A4C /* Products */;
			projectDirPath = "";
			projectRoot = "";
			targets = (
				FC18536D209C374500917A4C /* ZZWebTextReplace */,
			);
		};
/* End PBXProject section */

/* Begin PBXResourcesBuildPhase section */
		FC18536C209C374500917A4C /* Resources */ = {
			isa = PBXResourcesBuildPhase;
			buildActionMask = 2147483647;
			files = (
				FC18537E209C374500917A4C /* LaunchScreen.storyboard in Resources */,
				FC18537B209C374500917A4C /* Assets.xcassets in Resources */,
				FC185379209C374500917A4C /* Main.storyboard in Resources */,
			);
			runOnlyForDeploymentPostprocessing = 0;
		};
/* End PBXResourcesBuildPhase section */

/* Begin PBXSourcesBuildPhase section */
		FC18536A209C374500917A4C /* Sources */ = {
			isa = PBXSourcesBuildPhase;
			buildActionMask = 2147483647;
			files = (
				FC185376209C374500917A4C /* ViewController.m in Sources */,
				FC185381209C374500917A4C /* main.m in Sources */,
				FC18538B209C377100917A4C /* URLProtocolViewController.m in Sources */,
				FC185373209C374500917A4C /* AppDelegate.m in Sources */,
				FC18538C209C377100917A4C /* ZZWebTextReplace.m in Sources */,
			);
			runOnlyForDeploymentPostprocessing = 0;
		};
/* End PBXSourcesBuildPhase section */

/* Begin PBXVariantGroup section */
		FC185377209C374500917A4C /* Main.storyboard */ = {
			isa = PBXVariantGroup;
			children = (
				FC185378209C374500917A4C /* Base */,
			);
			name = Main.storyboard;
			sourceTree = "<group>";
		};
		FC18537C209C374500917A4C /* LaunchScreen.storyboard */ = {
			isa = PBXVariantGroup;
			children = (
				FC18537D209C374500917A4C /* Base */,
			);
			name = LaunchScreen.storyboard;
			sourceTree = "<group>";
		};
/* End PBXVariantGroup section */

/* Begin XCBuildConfiguration section */
		FC185382209C374500917A4C /* Debug */ = {
			isa = XCBuildConfiguration;
			buildSettings = {
				ALWAYS_SEARCH_USER_PATHS = NO;
				CLANG_ANALYZER_NONNULL = YES;
				CLANG_ANALYZER_NUMBER_OBJECT_CONVERSION = YES_AGGRESSIVE;
				CLANG_CXX_LANGUAGE_STANDARD = "gnu++14";
				CLANG_CXX_LIBRARY = "libc++";
				CLANG_ENABLE_MODULES = YES;
				CLANG_ENABLE_OBJC_ARC = YES;
				CLANG_WARN_BLOCK_CAPTURE_AUTORELEASING = YES;
				CLANG_WARN_BOOL_CONVERSION = YES;
				CLANG_WARN_COMMA = YES;
				CLANG_WARN_CONSTANT_CONVERSION = YES;
				CLANG_WARN_DIRECT_OBJC_ISA_USAGE = YES_ERROR;
				CLANG_WARN_DOCUMENTATION_COMMENTS = YES;
				CLANG_WARN_EMPTY_BODY = YES;
				CLANG_WARN_ENUM_CONVERSION = YES;
				CLANG_WARN_INFINITE_RECURSION = YES;
				CLANG_WARN_INT_CONVERSION = YES;
				CLANG_WARN_NON_LITERAL_NULL_CONVERSION = YES;
				CLANG_WARN_OBJC_LITERAL_CONVERSION = YES;
				CLANG_WARN_OBJC_ROOT_CLASS = YES_ERROR;
				CLANG_WARN_RANGE_LOOP_ANALYSIS = YES;
				CLANG_WARN_STRICT_PROTOTYPES = YES;
				CLANG_WARN_SUSPICIOUS_MOVE = YES;
				CLANG_WARN_UNGUARDED_AVAILABILITY = YES_AGGRESSIVE;
				CLANG_WARN_UNREACHABLE_CODE = YES;
				CLANG_WARN__DUPLICATE_METHOD_MATCH = YES;
				CODE_SIGN_IDENTITY = "iPhone Developer";
				COPY_PHASE_STRIP = NO;
				DEBUG_INFORMATION_FORMAT = dwarf;
				ENABLE_STRICT_OBJC_MSGSEND = YES;
				ENABLE_TESTABILITY = YES;
				GCC_C_LANGUAGE_STANDARD = gnu11;
				GCC_DYNAMIC_NO_PIC = NO;
				GCC_NO_COMMON_BLOCKS = YES;
				GCC_OPTIMIZATION_LEVEL = 0;
				GCC_PREPROCESSOR_DEFINITIONS = (
					"DEBUG=1",
					"$(inherited)",
				);
				GCC_WARN_64_TO_32_BIT_CONVERSION = YES;
				GCC_WARN_ABOUT_RETURN_TYPE = YES_ERROR;
				GCC_WARN_UNDECLARED_SELECTOR = YES;
				GCC_WARN_UNINITIALIZED_AUTOS = YES_AGGRESSIVE;
				GCC_WARN_UNUSED_FUNCTION = YES;
				GCC_WARN_UNUSED_VARIABLE = YES;
				IPHONEOS_DEPLOYMENT_TARGET = 11.2;
				MTL_ENABLE_DEBUG_INFO = YES;
				ONLY_ACTIVE_ARCH = YES;
				SDKROOT = iphoneos;
			};
			name = Debug;
		};
		FC185383209C374500917A4C /* Release */ = {
			isa = XCBuildConfiguration;
			buildSettings = {
				ALWAYS_SEARCH_USER_PATHS = NO;
				CLANG_ANALYZER_NONNULL = YES;
				CLANG_ANALYZER_NUMBER_OBJECT_CONVERSION = YES_AGGRESSIVE;
				CLANG_CXX_LANGUAGE_STANDARD = "gnu++14";
				CLANG_CXX_LIBRARY = "libc++";
				CLANG_ENABLE_MODULES = YES;
				CLANG_ENABLE_OBJC_ARC = YES;
				CLANG_WARN_BLOCK_CAPTURE_AUTORELEASING = YES;
				CLANG_WARN_BOOL_CONVERSION = YES;
				CLANG_WARN_COMMA = YES;
				CLANG_WARN_CONSTANT_CONVERSION = YES;
				CLANG_WARN_DIRECT_OBJC_ISA_USAGE = YES_ERROR;
				CLANG_WARN_DOCUMENTATION_COMMENTS = YES;
				CLANG_WARN_EMPTY_BODY = YES;
				CLANG_WARN_ENUM_CONVERSION = YES;
				CLANG_WARN_INFINITE_RECURSION = YES;
				CLANG_WARN_INT_CONVERSION = YES;
				CLANG_WARN_NON_LITERAL_NULL_CONVERSION = YES;
				CLANG_WARN_OBJC_LITERAL_CONVERSION = YES;
				CLANG_WARN_OBJC_ROOT_CLASS = YES_ERROR;
				CLANG_WARN_RANGE_LOOP_ANALYSIS = YES;
				CLANG_WARN_STRICT_PROTOTYPES = YES;
				CLANG_WARN_SUSPICIOUS_MOVE = YES;
				CLANG_WARN_UNGUARDED_AVAILABILITY = YES_AGGRESSIVE;
				CLANG_WARN_UNREACHABLE_CODE = YES;
				CLANG_WARN__DUPLICATE_METHOD_MATCH = YES;
				CODE_SIGN_IDENTITY = "iPhone Developer";
				COPY_PHASE_STRIP = NO;
				DEBUG_INFORMATION_FORMAT = "dwarf-with-dsym";
				ENABLE_NS_ASSERTIONS = NO;
				ENABLE_STRICT_OBJC_MSGSEND = YES;
				GCC_C_LANGUAGE_STANDARD = gnu11;
				GCC_NO_COMMON_BLOCKS = YES;
				GCC_WARN_64_TO_32_BIT_CONVERSION = YES;
				GCC_WARN_ABOUT_RETURN_TYPE = YES_ERROR;
				GCC_WARN_UNDECLARED_SELECTOR = YES;
				GCC_WARN_UNINITIALIZED_AUTOS = YES_AGGRESSIVE;
				GCC_WARN_UNUSED_FUNCTION = YES;
				GCC_WARN_UNUSED_VARIABLE = YES;
				IPHONEOS_DEPLOYMENT_TARGET = 11.2;
				MTL_ENABLE_DEBUG_INFO = NO;
				SDKROOT = iphoneos;
				VALIDATE_PRODUCT = YES;
			};
			name = Release;
		};
		FC185385209C374500917A4C /* Debug */ = {
			isa = XCBuildConfiguration;
			buildSettings = {
				ASSETCATALOG_COMPILER_APPICON_NAME = AppIcon;
				CODE_SIGN_STYLE = Automatic;
				DEVELOPMENT_TEAM = YH6XM8252K;
				INFOPLIST_FILE = ZZWebTextReplace/Info.plist;
				LD_RUNPATH_SEARCH_PATHS = "$(inherited) @executable_path/Frameworks";
				PRODUCT_BUNDLE_IDENTIFIER = DM.ZZWebTextReplace;
				PRODUCT_NAME = "$(TARGET_NAME)";
				TARGETED_DEVICE_FAMILY = "1,2";
			};
			name = Debug;
		};
		FC185386209C374500917A4C /* Release */ = {
			isa = XCBuildConfiguration;
			buildSettings = {
				ASSETCATALOG_COMPILER_APPICON_NAME = AppIcon;
				CODE_SIGN_STYLE = Automatic;
				DEVELOPMENT_TEAM = YH6XM8252K;
				INFOPLIST_FILE = ZZWebTextReplace/Info.plist;
				LD_RUNPATH_SEARCH_PATHS = "$(inherited) @executable_path/Frameworks";
				PRODUCT_BUNDLE_IDENTIFIER = DM.ZZWebTextReplace;
				PRODUCT_NAME = "$(TARGET_NAME)";
				TARGETED_DEVICE_FAMILY = "1,2";
			};
			name = Release;
		};
/* End XCBuildConfiguration section */

/* Begin XCConfigurationList section */
		FC185369209C374500917A4C /* Build configuration list for PBXProject "ZZWebTextReplace" */ = {
			isa = XCConfigurationList;
			buildConfigurations = (
				FC185382209C374500917A4C /* Debug */,
				FC185383209C374500917A4C /* Release */,
			);
			defaultConfigurationIsVisible = 0;
			defaultConfigurationName = Release;
		};
		FC185384209C374500917A4C /* Build configuration list for PBXNativeTarget "ZZWebTextReplace" */ = {
			isa = XCConfigurationList;
			buildConfigurations = (
				FC185385209C374500917A4C /* Debug */,
				FC185386209C374500917A4C /* Release */,
			);
			defaultConfigurationIsVisible = 0;
			defaultConfigurationName = Release;
		};
/* End XCConfigurationList section */
	};
	rootObject = FC185366209C374500917A4C /* Project object */;
}
